
Microsoft Visual Studio Solution File, Format Version 12.00
# Visual Studio 15
Project("{FAE04EC0-301F-11D3-BF4B-00C04F79EFBC}") = "netcore-webapi", "netcore-webapi\netcore-webapi.csproj", "{7C8BDE4D-6072-47D2-A10B-461F4FE767BF}"
EndProject
Project("{FAE04EC0-301F-11D3-BF4B-00C04F79EFBC}") = "netcore-webapi-tests", "netcore-webapi-tests\netcore-webapi-tests.csproj", "{4BC40D4E-00D5-430A-95DF-C835BE2BE8CE}"
EndProject
Global
	GlobalSection(SolutionConfigurationPlatforms) = preSolution
		Debug|Any CPU = Debug|Any CPU
		Release|Any CPU = Release|Any CPU
	EndGlobalSection
	GlobalSection(ProjectConfigurationPlatforms) = postSolution
		{7C8BDE4D-6072-47D2-A10B-461F4FE767BF}.Debug|Any CPU.ActiveCfg = Debug|Any CPU
		{7C8BDE4D-6072-47D2-A10B-461F4FE767BF}.Debug|Any CPU.Build.0 = Debug|Any CPU
		{7C8BDE4D-6072-47D2-A10B-461F4FE767BF}.Release|Any CPU.ActiveCfg = Release|Any CPU
		{7C8BDE4D-6072-47D2-A10B-461F4FE767BF}.Release|Any CPU.Build.0 = Release|Any CPU
		{4BC40D4E-00D5-430A-95DF-C835BE2BE8CE}.Debug|Any CPU.ActiveCfg = Debug|Any CPU
		{4BC40D4E-00D5-430A-95DF-C835BE2BE8CE}.Debug|Any CPU.Build.0 = Debug|Any CPU
		{4BC40D4E-00D5-430A-95DF-C835BE2BE8CE}.Release|Any CPU.ActiveCfg = Release|Any CPU
		{4BC40D4E-00D5-430A-95DF-C835BE2BE8CE}.Release|Any CPU.Build.0 = Release|Any CPU
	EndGlobalSection
EndGlobal
